// !$*UTF8*$!
{
	archiveVersion = 1;
	classes = {
	};
	objectVersion = 50;
	objects = {

/* Begin PBXBuildFile section */
		11FDD3AA8327E98B140AC235 /* Pods_ChefLifeSwiftUI.framework in Frameworks */ = {isa = PBXBuildFile; fileRef = 950DD36D39705C83FE1CF203 /* Pods_ChefLifeSwiftUI.framework */; };
		7F31921E2602DB9200A984EA /* LoginView.swift in Sources */ = {isa = PBXBuildFile; fileRef = 7F31921D2602DB9200A984EA /* LoginView.swift */; };
		7F3192222602E2B100A984EA /* SignUpView.swift in Sources */ = {isa = PBXBuildFile; fileRef = 7F3192212602E2B000A984EA /* SignUpView.swift */; };
		7F9C3A3C2601949800015724 /* AppDelegate.swift in Sources */ = {isa = PBXBuildFile; fileRef = 7F9C3A3B2601949800015724 /* AppDelegate.swift */; };
		7F9C3A3E2601949800015724 /* SceneDelegate.swift in Sources */ = {isa = PBXBuildFile; fileRef = 7F9C3A3D2601949800015724 /* SceneDelegate.swift */; };
		7F9C3A402601949800015724 /* ContentView.swift in Sources */ = {isa = PBXBuildFile; fileRef = 7F9C3A3F2601949800015724 /* ContentView.swift */; };
		7F9C3A422601949A00015724 /* Assets.xcassets in Resources */ = {isa = PBXBuildFile; fileRef = 7F9C3A412601949A00015724 /* Assets.xcassets */; };
		7F9C3A452601949A00015724 /* Preview Assets.xcassets in Resources */ = {isa = PBXBuildFile; fileRef = 7F9C3A442601949A00015724 /* Preview Assets.xcassets */; };
		7F9C3A482601949A00015724 /* LaunchScreen.storyboard in Resources */ = {isa = PBXBuildFile; fileRef = 7F9C3A462601949A00015724 /* LaunchScreen.storyboard */; };
		7FA647642605AEB900C8C127 /* RecipeApiService.swift in Sources */ = {isa = PBXBuildFile; fileRef = 7FA647632605AEB900C8C127 /* RecipeApiService.swift */; };
		7FA647692605B4B300C8C127 /* Token.swift in Sources */ = {isa = PBXBuildFile; fileRef = 7FA647682605B4B300C8C127 /* Token.swift */; };
		7FE704152604586B00031979 /* AuthenticationView.swift in Sources */ = {isa = PBXBuildFile; fileRef = 7FE704142604586B00031979 /* AuthenticationView.swift */; };
/* End PBXBuildFile section */

/* Begin PBXFileReference section */
		34FE395423355440B0BB6F6A /* Pods-ChefLifeSwiftUI.release.xcconfig */ = {isa = PBXFileReference; includeInIndex = 1; lastKnownFileType = text.xcconfig; name = "Pods-ChefLifeSwiftUI.release.xcconfig"; path = "Target Support Files/Pods-ChefLifeSwiftUI/Pods-ChefLifeSwiftUI.release.xcconfig"; sourceTree = "<group>"; };
		7F31921D2602DB9200A984EA /* LoginView.swift */ = {isa = PBXFileReference; lastKnownFileType = sourcecode.swift; path = LoginView.swift; sourceTree = "<group>"; };
		7F3192212602E2B000A984EA /* SignUpView.swift */ = {isa = PBXFileReference; lastKnownFileType = sourcecode.swift; path = SignUpView.swift; sourceTree = "<group>"; };
		7F9C3A382601949800015724 /* ChefLifeSwiftUI.app */ = {isa = PBXFileReference; explicitFileType = wrapper.application; includeInIndex = 0; path = ChefLifeSwiftUI.app; sourceTree = BUILT_PRODUCTS_DIR; };
		7F9C3A3B2601949800015724 /* AppDelegate.swift */ = {isa = PBXFileReference; lastKnownFileType = sourcecode.swift; path = AppDelegate.swift; sourceTree = "<group>"; };
		7F9C3A3D2601949800015724 /* SceneDelegate.swift */ = {isa = PBXFileReference; lastKnownFileType = sourcecode.swift; path = SceneDelegate.swift; sourceTree = "<group>"; };
		7F9C3A3F2601949800015724 /* ContentView.swift */ = {isa = PBXFileReference; lastKnownFileType = sourcecode.swift; path = ContentView.swift; sourceTree = "<group>"; };
		7F9C3A412601949A00015724 /* Assets.xcassets */ = {isa = PBXFileReference; lastKnownFileType = folder.assetcatalog; path = Assets.xcassets; sourceTree = "<group>"; };
		7F9C3A442601949A00015724 /* Preview Assets.xcassets */ = {isa = PBXFileReference; lastKnownFileType = folder.assetcatalog; path = "Preview Assets.xcassets"; sourceTree = "<group>"; };
		7F9C3A472601949A00015724 /* Base */ = {isa = PBXFileReference; lastKnownFileType = file.storyboard; name = Base; path = Base.lproj/LaunchScreen.storyboard; sourceTree = "<group>"; };
		7F9C3A492601949A00015724 /* Info.plist */ = {isa = PBXFileReference; lastKnownFileType = text.plist.xml; path = Info.plist; sourceTree = "<group>"; };
		7FA647632605AEB900C8C127 /* RecipeApiService.swift */ = {isa = PBXFileReference; lastKnownFileType = sourcecode.swift; path = RecipeApiService.swift; sourceTree = "<group>"; };
		7FA647682605B4B300C8C127 /* Token.swift */ = {isa = PBXFileReference; lastKnownFileType = sourcecode.swift; path = Token.swift; sourceTree = "<group>"; };
		7FE704142604586B00031979 /* AuthenticationView.swift */ = {isa = PBXFileReference; lastKnownFileType = sourcecode.swift; path = AuthenticationView.swift; sourceTree = "<group>"; };
		950DD36D39705C83FE1CF203 /* Pods_ChefLifeSwiftUI.framework */ = {isa = PBXFileReference; explicitFileType = wrapper.framework; includeInIndex = 0; path = Pods_ChefLifeSwiftUI.framework; sourceTree = BUILT_PRODUCTS_DIR; };
		B90E2869F36BB5BD3539FF7F /* Pods-ChefLifeSwiftUI.debug.xcconfig */ = {isa = PBXFileReference; includeInIndex = 1; lastKnownFileType = text.xcconfig; name = "Pods-ChefLifeSwiftUI.debug.xcconfig"; path = "Target Support Files/Pods-ChefLifeSwiftUI/Pods-ChefLifeSwiftUI.debug.xcconfig"; sourceTree = "<group>"; };
/* End PBXFileReference section */

/* Begin PBXFrameworksBuildPhase section */
		7F9C3A352601949800015724 /* Frameworks */ = {
			isa = PBXFrameworksBuildPhase;
			buildActionMask = 2147483647;
			files = (
				11FDD3AA8327E98B140AC235 /* Pods_ChefLifeSwiftUI.framework in Frameworks */,
			);
			runOnlyForDeploymentPostprocessing = 0;
		};
/* End PBXFrameworksBuildPhase section */

/* Begin PBXGroup section */
		04ED2B995AE76F67489B959B /* Pods */ = {
			isa = PBXGroup;
			children = (
				B90E2869F36BB5BD3539FF7F /* Pods-ChefLifeSwiftUI.debug.xcconfig */,
				34FE395423355440B0BB6F6A /* Pods-ChefLifeSwiftUI.release.xcconfig */,
			);
			name = Pods;
			path = Pods;
			sourceTree = "<group>";
		};
		2A482B832AD26B4EEB9CA720 /* Frameworks */ = {
			isa = PBXGroup;
			children = (
				950DD36D39705C83FE1CF203 /* Pods_ChefLifeSwiftUI.framework */,
			);
			name = Frameworks;
			sourceTree = "<group>";
		};
		7F31921C2602D98C00A984EA /* Authenticate */ = {
			isa = PBXGroup;
			children = (
				7F31921D2602DB9200A984EA /* LoginView.swift */,
				7F3192212602E2B000A984EA /* SignUpView.swift */,
				7FE704142604586B00031979 /* AuthenticationView.swift */,
			);
			path = Authenticate;
			sourceTree = "<group>";
		};
		7F9C3A2F2601949800015724 = {
			isa = PBXGroup;
			children = (
				7F9C3A3A2601949800015724 /* ChefLifeSwiftUI */,
				7F9C3A392601949800015724 /* Products */,
				04ED2B995AE76F67489B959B /* Pods */,
				2A482B832AD26B4EEB9CA720 /* Frameworks */,
			);
			sourceTree = "<group>";
		};
		7F9C3A392601949800015724 /* Products */ = {
			isa = PBXGroup;
			children = (
				7F9C3A382601949800015724 /* ChefLifeSwiftUI.app */,
			);
			name = Products;
			sourceTree = "<group>";
		};
		7F9C3A3A2601949800015724 /* ChefLifeSwiftUI */ = {
			isa = PBXGroup;
			children = (
				7FA647612605AE7700C8C127 /* Data Service */,
				7F31921C2602D98C00A984EA /* Authenticate */,
				7F9C3A3B2601949800015724 /* AppDelegate.swift */,
				7F9C3A3D2601949800015724 /* SceneDelegate.swift */,
				7F9C3A3F2601949800015724 /* ContentView.swift */,
				7F9C3A412601949A00015724 /* Assets.xcassets */,
				7F9C3A462601949A00015724 /* LaunchScreen.storyboard */,
				7F9C3A492601949A00015724 /* Info.plist */,
				7F9C3A432601949A00015724 /* Preview Content */,
			);
			path = ChefLifeSwiftUI;
			sourceTree = "<group>";
		};
		7F9C3A432601949A00015724 /* Preview Content */ = {
			isa = PBXGroup;
			children = (
				7F9C3A442601949A00015724 /* Preview Assets.xcassets */,
			);
			path = "Preview Content";
			sourceTree = "<group>";
		};
		7FA647612605AE7700C8C127 /* Data Service */ = {
			isa = PBXGroup;
			children = (
				7FA647672605B46B00C8C127 /* models */,
				7FA647622605AE9400C8C127 /* api */,
			);
			path = "Data Service";
			sourceTree = "<group>";
		};
		7FA647622605AE9400C8C127 /* api */ = {
			isa = PBXGroup;
			children = (
				7FA647632605AEB900C8C127 /* RecipeApiService.swift */,
			);
			path = api;
			sourceTree = "<group>";
		};
		7FA647672605B46B00C8C127 /* models */ = {
			isa = PBXGroup;
			children = (
				7FA647682605B4B300C8C127 /* Token.swift */,
			);
			path = models;
			sourceTree = "<group>";
		};
/* End PBXGroup section */

/* Begin PBXNativeTarget section */
		7F9C3A372601949800015724 /* ChefLifeSwiftUI */ = {
			isa = PBXNativeTarget;
			buildConfigurationList = 7F9C3A4C2601949A00015724 /* Build configuration list for PBXNativeTarget "ChefLifeSwiftUI" */;
			buildPhases = (
				170A452E966C5E92FE0C0326 /* [CP] Check Pods Manifest.lock */,
				7F9C3A342601949800015724 /* Sources */,
				7F9C3A352601949800015724 /* Frameworks */,
				7F9C3A362601949800015724 /* Resources */,
				306C678938E253BE910F3C16 /* [CP] Embed Pods Frameworks */,
			);
			buildRules = (
			);
			dependencies = (
			);
			name = ChefLifeSwiftUI;
			productName = ChefLifeSwiftUI;
			productReference = 7F9C3A382601949800015724 /* ChefLifeSwiftUI.app */;
			productType = "com.apple.product-type.application";
		};
/* End PBXNativeTarget section */

/* Begin PBXProject section */
		7F9C3A302601949800015724 /* Project object */ = {
			isa = PBXProject;
			attributes = {
				LastSwiftUpdateCheck = 1150;
				LastUpgradeCheck = 1150;
				ORGANIZATIONNAME = "Mike Griffin";
				TargetAttributes = {
					7F9C3A372601949800015724 = {
						CreatedOnToolsVersion = 11.5;
					};
				};
			};
			buildConfigurationList = 7F9C3A332601949800015724 /* Build configuration list for PBXProject "ChefLifeSwiftUI" */;
			compatibilityVersion = "Xcode 9.3";
			developmentRegion = en;
			hasScannedForEncodings = 0;
			knownRegions = (
				en,
				Base,
			);
			mainGroup = 7F9C3A2F2601949800015724;
			productRefGroup = 7F9C3A392601949800015724 /* Products */;
			projectDirPath = "";
			projectRoot = "";
			targets = (
				7F9C3A372601949800015724 /* ChefLifeSwiftUI */,
			);
		};
/* End PBXProject section */

/* Begin PBXResourcesBuildPhase section */
		7F9C3A362601949800015724 /* Resources */ = {
			isa = PBXResourcesBuildPhase;
			buildActionMask = 2147483647;
			files = (
				7F9C3A482601949A00015724 /* LaunchScreen.storyboard in Resources */,
				7F9C3A452601949A00015724 /* Preview Assets.xcassets in Resources */,
				7F9C3A422601949A00015724 /* Assets.xcassets in Resources */,
			);
			runOnlyForDeploymentPostprocessing = 0;
		};
/* End PBXResourcesBuildPhase section */

/* Begin PBXShellScriptBuildPhase section */
		170A452E966C5E92FE0C0326 /* [CP] Check Pods Manifest.lock */ = {
			isa = PBXShellScriptBuildPhase;
			buildActionMask = 2147483647;
			files = (
			);
			inputFileListPaths = (
			);
			inputPaths = (
				"${PODS_PODFILE_DIR_PATH}/Podfile.lock",
				"${PODS_ROOT}/Manifest.lock",
			);
			name = "[CP] Check Pods Manifest.lock";
			outputFileListPaths = (
			);
			outputPaths = (
				"$(DERIVED_FILE_DIR)/Pods-ChefLifeSwiftUI-checkManifestLockResult.txt",
			);
			runOnlyForDeploymentPostprocessing = 0;
			shellPath = /bin/sh;
			shellScript = "diff \"${PODS_PODFILE_DIR_PATH}/Podfile.lock\" \"${PODS_ROOT}/Manifest.lock\" > /dev/null\nif [ $? != 0 ] ; then\n    # print error to STDERR\n    echo \"error: The sandbox is not in sync with the Podfile.lock. Run 'pod install' or update your CocoaPods installation.\" >&2\n    exit 1\nfi\n# This output is used by Xcode 'outputs' to avoid re-running this script phase.\necho \"SUCCESS\" > \"${SCRIPT_OUTPUT_FILE_0}\"\n";
			showEnvVarsInLog = 0;
		};
		306C678938E253BE910F3C16 /* [CP] Embed Pods Frameworks */ = {
			isa = PBXShellScriptBuildPhase;
			buildActionMask = 2147483647;
			files = (
			);
			inputFileListPaths = (
				"${PODS_ROOT}/Target Support Files/Pods-ChefLifeSwiftUI/Pods-ChefLifeSwiftUI-frameworks-${CONFIGURATION}-input-files.xcfilelist",
			);
			name = "[CP] Embed Pods Frameworks";
			outputFileListPaths = (
				"${PODS_ROOT}/Target Support Files/Pods-ChefLifeSwiftUI/Pods-ChefLifeSwiftUI-frameworks-${CONFIGURATION}-output-files.xcfilelist",
			);
			runOnlyForDeploymentPostprocessing = 0;
			shellPath = /bin/sh;
			shellScript = "\"${PODS_ROOT}/Target Support Files/Pods-ChefLifeSwiftUI/Pods-ChefLifeSwiftUI-frameworks.sh\"\n";
			showEnvVarsInLog = 0;
		};
/* End PBXShellScriptBuildPhase section */

/* Begin PBXSourcesBuildPhase section */
		7F9C3A342601949800015724 /* Sources */ = {
			isa = PBXSourcesBuildPhase;
			buildActionMask = 2147483647;
			files = (
				7FA647642605AEB900C8C127 /* RecipeApiService.swift in Sources */,
				7F9C3A3C2601949800015724 /* AppDelegate.swift in Sources */,
				7F3192222602E2B100A984EA /* SignUpView.swift in Sources */,
				7FE704152604586B00031979 /* AuthenticationView.swift in Sources */,
				7F9C3A3E2601949800015724 /* SceneDelegate.swift in Sources */,
				7F31921E2602DB9200A984EA /* LoginView.swift in Sources */,
				7F9C3A402601949800015724 /* ContentView.swift in Sources */,
				7FA647692605B4B300C8C127 /* Token.swift in Sources */,
			);
			runOnlyForDeploymentPostprocessing = 0;
		};
/* End PBXSourcesBuildPhase section */

/* Begin PBXVariantGroup section */
		7F9C3A462601949A00015724 /* LaunchScreen.storyboard */ = {
			isa = PBXVariantGroup;
			children = (
				7F9C3A472601949A00015724 /* Base */,
			);
			name = LaunchScreen.storyboard;
			sourceTree = "<group>";
		};
/* End PBXVariantGroup section */

/* Begin XCBuildConfiguration section */
		7F9C3A4A2601949A00015724 /* Debug */ = {
			isa = XCBuildConfiguration;
			buildSettings = {
				ALWAYS_SEARCH_USER_PATHS = NO;
				CLANG_ANALYZER_NONNULL = YES;
				CLANG_ANALYZER_NUMBER_OBJECT_CONVERSION = YES_AGGRESSIVE;
				CLANG_CXX_LANGUAGE_STANDARD = "gnu++14";
				CLANG_CXX_LIBRARY = "libc++";
				CLANG_ENABLE_MODULES = YES;
				CLANG_ENABLE_OBJC_ARC = YES;
				CLANG_ENABLE_OBJC_WEAK = YES;
				CLANG_WARN_BLOCK_CAPTURE_AUTORELEASING = YES;
				CLANG_WARN_BOOL_CONVERSION = YES;
				CLANG_WARN_COMMA = YES;
				CLANG_WARN_CONSTANT_CONVERSION = YES;
				CLANG_WARN_DEPRECATED_OBJC_IMPLEMENTATIONS = YES;
				CLANG_WARN_DIRECT_OBJC_ISA_USAGE = YES_ERROR;
				CLANG_WARN_DOCUMENTATION_COMMENTS = YES;
				CLANG_WARN_EMPTY_BODY = YES;
				CLANG_WARN_ENUM_CONVERSION = YES;
				CLANG_WARN_INFINITE_RECURSION = YES;
				CLANG_WARN_INT_CONVERSION = YES;
				CLANG_WARN_NON_LITERAL_NULL_CONVERSION = YES;
				CLANG_WARN_OBJC_IMPLICIT_RETAIN_SELF = YES;
				CLANG_WARN_OBJC_LITERAL_CONVERSION = YES;
				CLANG_WARN_OBJC_ROOT_CLASS = YES_ERROR;
				CLANG_WARN_RANGE_LOOP_ANALYSIS = YES;
				CLANG_WARN_STRICT_PROTOTYPES = YES;
				CLANG_WARN_SUSPICIOUS_MOVE = YES;
				CLANG_WARN_UNGUARDED_AVAILABILITY = YES_AGGRESSIVE;
				CLANG_WARN_UNREACHABLE_CODE = YES;
				CLANG_WARN__DUPLICATE_METHOD_MATCH = YES;
				COPY_PHASE_STRIP = NO;
				DEBUG_INFORMATION_FORMAT = dwarf;
				ENABLE_STRICT_OBJC_MSGSEND = YES;
				ENABLE_TESTABILITY = YES;
				GCC_C_LANGUAGE_STANDARD = gnu11;
				GCC_DYNAMIC_NO_PIC = NO;
				GCC_NO_COMMON_BLOCKS = YES;
				GCC_OPTIMIZATION_LEVEL = 0;
				GCC_PREPROCESSOR_DEFINITIONS = (
					"DEBUG=1",
					"$(inherited)",
				);
				GCC_WARN_64_TO_32_BIT_CONVERSION = YES;
				GCC_WARN_ABOUT_RETURN_TYPE = YES_ERROR;
				GCC_WARN_UNDECLARED_SELECTOR = YES;
				GCC_WARN_UNINITIALIZED_AUTOS = YES_AGGRESSIVE;
				GCC_WARN_UNUSED_FUNCTION = YES;
				GCC_WARN_UNUSED_VARIABLE = YES;
				IPHONEOS_DEPLOYMENT_TARGET = 13.5;
				MTL_ENABLE_DEBUG_INFO = INCLUDE_SOURCE;
				MTL_FAST_MATH = YES;
				ONLY_ACTIVE_ARCH = YES;
				SDKROOT = iphoneos;
				SWIFT_ACTIVE_COMPILATION_CONDITIONS = DEBUG;
				SWIFT_OPTIMIZATION_LEVEL = "-Onone";
			};
			name = Debug;
		};
		7F9C3A4B2601949A00015724 /* Release */ = {
			isa = XCBuildConfiguration;
			buildSettings = {
				ALWAYS_SEARCH_USER_PATHS = NO;
				CLANG_ANALYZER_NONNULL = YES;
				CLANG_ANALYZER_NUMBER_OBJECT_CONVERSION = YES_AGGRESSIVE;
				CLANG_CXX_LANGUAGE_STANDARD = "gnu++14";
				CLANG_CXX_LIBRARY = "libc++";
				CLANG_ENABLE_MODULES = YES;
				CLANG_ENABLE_OBJC_ARC = YES;
				CLANG_ENABLE_OBJC_WEAK = YES;
				CLANG_WARN_BLOCK_CAPTURE_AUTORELEASING = YES;
				CLANG_WARN_BOOL_CONVERSION = YES;
				CLANG_WARN_COMMA = YES;
				CLANG_WARN_CONSTANT_CONVERSION = YES;
				CLANG_WARN_DEPRECATED_OBJC_IMPLEMENTATIONS = YES;
				CLANG_WARN_DIRECT_OBJC_ISA_USAGE = YES_ERROR;
				CLANG_WARN_DOCUMENTATION_COMMENTS = YES;
				CLANG_WARN_EMPTY_BODY = YES;
				CLANG_WARN_ENUM_CONVERSION = YES;
				CLANG_WARN_INFINITE_RECURSION = YES;
				CLANG_WARN_INT_CONVERSION = YES;
				CLANG_WARN_NON_LITERAL_NULL_CONVERSION = YES;
				CLANG_WARN_OBJC_IMPLICIT_RETAIN_SELF = YES;
				CLANG_WARN_OBJC_LITERAL_CONVERSION = YES;
				CLANG_WARN_OBJC_ROOT_CLASS = YES_ERROR;
				CLANG_WARN_RANGE_LOOP_ANALYSIS = YES;
				CLANG_WARN_STRICT_PROTOTYPES = YES;
				CLANG_WARN_SUSPICIOUS_MOVE = YES;
				CLANG_WARN_UNGUARDED_AVAILABILITY = YES_AGGRESSIVE;
				CLANG_WARN_UNREACHABLE_CODE = YES;
				CLANG_WARN__DUPLICATE_METHOD_MATCH = YES;
				COPY_PHASE_STRIP = NO;
				DEBUG_INFORMATION_FORMAT = "dwarf-with-dsym";
				ENABLE_NS_ASSERTIONS = NO;
				ENABLE_STRICT_OBJC_MSGSEND = YES;
				GCC_C_LANGUAGE_STANDARD = gnu11;
				GCC_NO_COMMON_BLOCKS = YES;
				GCC_WARN_64_TO_32_BIT_CONVERSION = YES;
				GCC_WARN_ABOUT_RETURN_TYPE = YES_ERROR;
				GCC_WARN_UNDECLARED_SELECTOR = YES;
				GCC_WARN_UNINITIALIZED_AUTOS = YES_AGGRESSIVE;
				GCC_WARN_UNUSED_FUNCTION = YES;
				GCC_WARN_UNUSED_VARIABLE = YES;
				IPHONEOS_DEPLOYMENT_TARGET = 13.5;
				MTL_ENABLE_DEBUG_INFO = NO;
				MTL_FAST_MATH = YES;
				SDKROOT = iphoneos;
				SWIFT_COMPILATION_MODE = wholemodule;
				SWIFT_OPTIMIZATION_LEVEL = "-O";
				VALIDATE_PRODUCT = YES;
			};
			name = Release;
		};
		7F9C3A4D2601949A00015724 /* Debug */ = {
			isa = XCBuildConfiguration;
			baseConfigurationReference = B90E2869F36BB5BD3539FF7F /* Pods-ChefLifeSwiftUI.debug.xcconfig */;
			buildSettings = {
				ASSETCATALOG_COMPILER_APPICON_NAME = AppIcon;
				CODE_SIGN_STYLE = Automatic;
				DEVELOPMENT_ASSET_PATHS = "\"ChefLifeSwiftUI/Preview Content\"";
				DEVELOPMENT_TEAM = T24L76PMG9;
				ENABLE_PREVIEWS = YES;
				INFOPLIST_FILE = ChefLifeSwiftUI/Info.plist;
				LD_RUNPATH_SEARCH_PATHS = (
					"$(inherited)",
					"@executable_path/Frameworks",
				);
				PRODUCT_BUNDLE_IDENTIFIER = com.comedichoney.ChefLifeSwiftUI;
				PRODUCT_NAME = "$(TARGET_NAME)";
				SWIFT_VERSION = 5.0;
				TARGETED_DEVICE_FAMILY = "1,2";
			};
			name = Debug;
		};
		7F9C3A4E2601949A00015724 /* Release */ = {
			isa = XCBuildConfiguration;
			baseConfigurationReference = 34FE395423355440B0BB6F6A /* Pods-ChefLifeSwiftUI.release.xcconfig */;
			buildSettings = {
				ASSETCATALOG_COMPILER_APPICON_NAME = AppIcon;
				CODE_SIGN_STYLE = Automatic;
				DEVELOPMENT_ASSET_PATHS = "\"ChefLifeSwiftUI/Preview Content\"";
				DEVELOPMENT_TEAM = T24L76PMG9;
				ENABLE_PREVIEWS = YES;
				INFOPLIST_FILE = ChefLifeSwiftUI/Info.plist;
				LD_RUNPATH_SEARCH_PATHS = (
					"$(inherited)",
					"@executable_path/Frameworks",
				);
				PRODUCT_BUNDLE_IDENTIFIER = com.comedichoney.ChefLifeSwiftUI;
				PRODUCT_NAME = "$(TARGET_NAME)";
				SWIFT_VERSION = 5.0;
				TARGETED_DEVICE_FAMILY = "1,2";
			};
			name = Release;
		};
/* End XCBuildConfiguration section */

/* Begin XCConfigurationList section */
		7F9C3A332601949800015724 /* Build configuration list for PBXProject "ChefLifeSwiftUI" */ = {
			isa = XCConfigurationList;
			buildConfigurations = (
				7F9C3A4A2601949A00015724 /* Debug */,
				7F9C3A4B2601949A00015724 /* Release */,
			);
			defaultConfigurationIsVisible = 0;
			defaultConfigurationName = Release;
		};
		7F9C3A4C2601949A00015724 /* Build configuration list for PBXNativeTarget "ChefLifeSwiftUI" */ = {
			isa = XCConfigurationList;
			buildConfigurations = (
				7F9C3A4D2601949A00015724 /* Debug */,
				7F9C3A4E2601949A00015724 /* Release */,
			);
			defaultConfigurationIsVisible = 0;
			defaultConfigurationName = Release;
		};
/* End XCConfigurationList section */
	};
	rootObject = 7F9C3A302601949800015724 /* Project object */;
}
